<?xml version="1.0" encoding="utf-8"?>
<Project ToolsVersion="4.0" xmlns="http://schemas.microsoft.com/developer/msbuild/2003">
  <ItemGroup>
    <Filter Include="소스 파일">
      <UniqueIdentifier>{4FC737F1-C7A5-4376-A066-2A32D752A2FF}</UniqueIdentifier>
      <Extensions>cpp;c;cc;cxx;c++;cppm;ixx;def;odl;idl;hpj;bat;asm;asmx</Extensions>
    </Filter>
    <Filter Include="헤더 파일">
      <UniqueIdentifier>{93995380-89BD-4b04-88EB-625FBE52EBFB}</UniqueIdentifier>
      <Extensions>h;hh;hpp;hxx;h++;hm;inl;inc;ipp;xsd</Extensions>
    </Filter>
    <Filter Include="리소스 파일">
      <UniqueIdentifier>{67DA6AB6-F800-4c08-8B7A-83BB121AAD01}</UniqueIdentifier>
      <Extensions>rc;ico;cur;bmp;dlg;rc2;rct;bin;rgs;gif;jpg;jpeg;jpe;resx;tiff;tif;png;wav;mfcribbon-ms</Extensions>
    </Filter>
    <Filter Include="Scenes">
      <UniqueIdentifier>{85e3eba3-c9f2-44b2-a82c-23df2251d052}</UniqueIdentifier>
    </Filter>
    <Filter Include="Common">
      <UniqueIdentifier>{ba812d5a-0c28-4fee-b387-c9b548d76d08}</UniqueIdentifier>
    </Filter>
    <Filter Include="Object">
      <UniqueIdentifier>{b98ca5f2-f22f-430f-b5fc-9e87db494359}</UniqueIdentifier>
    </Filter>
    <Filter Include="Object\Monster">
      <UniqueIdentifier>{2b900adf-2178-4b5e-93f7-4ac8fac617b2}</UniqueIdentifier>
    </Filter>
    <Filter Include="Object\Monster\Archer">
      <UniqueIdentifier>{e9745e87-6b76-47d0-936c-3da9d3e15f2e}</UniqueIdentifier>
    </Filter>
    <Filter Include="Object\Monster\Wizard">
      <UniqueIdentifier>{9231d814-482d-4566-9db2-8d06c07027f5}</UniqueIdentifier>
    </Filter>
    <Filter Include="Map">
      <UniqueIdentifier>{7dbe1fe7-07f0-49dc-b1e0-1d4175eb5f02}</UniqueIdentifier>
    </Filter>
    <Filter Include="Map\Tile">
      <UniqueIdentifier>{a1696d17-6764-4305-868c-6570a0d8abba}</UniqueIdentifier>
    </Filter>
    <Filter Include="Camera">
      <UniqueIdentifier>{c1ccf7f5-8d17-4527-80f7-1a17f451a2e4}</UniqueIdentifier>
    </Filter>
    <Filter Include="Object\Player">
      <UniqueIdentifier>{1e0680e5-89b0-4e98-ab57-a135d82d063c}</UniqueIdentifier>
    </Filter>
    <Filter Include="Object\Monster\SwordMan">
      <UniqueIdentifier>{3207b0d9-2f8d-4507-a90d-ad9e3bf5e697}</UniqueIdentifier>
    </Filter>
    <Filter Include="UI">
      <UniqueIdentifier>{aa218598-78d9-41d7-9c06-8711f1961489}</UniqueIdentifier>
    </Filter>
    <Filter Include="Scenes\Stage">
      <UniqueIdentifier>{66b14d5c-59ff-4dc8-a739-6c6497a5ef4d}</UniqueIdentifier>
    </Filter>
    <Filter Include="Object\Dummy">
      <UniqueIdentifier>{5ec5e0e0-a76e-4540-b586-9cf4b0c08574}</UniqueIdentifier>
    </Filter>
    <Filter Include="Object\Boss">
      <UniqueIdentifier>{7dd2c175-4b41-43b3-bbaf-35221f789fc1}</UniqueIdentifier>
    </Filter>
    <Filter Include="Sound">
      <UniqueIdentifier>{60d7eee7-9849-4db8-8ef2-4a78ecb6ab2d}</UniqueIdentifier>
    </Filter>
    <Filter Include="Scenes\Custom">
      <UniqueIdentifier>{757a5364-e657-4d09-9036-af31d72999bc}</UniqueIdentifier>
    </Filter>
    <Filter Include="Scenes\Extra">
      <UniqueIdentifier>{f53fc0dd-6930-4951-8473-29963430ab24}</UniqueIdentifier>
    </Filter>
    <Filter Include="Object\MapObject">
      <UniqueIdentifier>{77e6bfa5-a501-45ab-8998-b6fddee7287c}</UniqueIdentifier>
    </Filter>
    <Filter Include="Scene">
      <UniqueIdentifier>{40902605-91e2-44aa-922f-6bc3f6fbcc4a}</UniqueIdentifier>
    </Filter>
  </ItemGroup>
  <ItemGroup>
    <ClInclude Include="Resource.h">
      <Filter>헤더 파일</Filter>
    </ClInclude>
    <ClInclude Include="Game.h">
      <Filter>소스 파일</Filter>
    </ClInclude>
    <ClInclude Include="SceneManager.h">
      <Filter>Scene</Filter>
    </ClInclude>
    <ClInclude Include="Scene.h">
      <Filter>Scene</Filter>
    </ClInclude>
    <ClInclude Include="LoadScenes.h">
      <Filter>Scene</Filter>
    </ClInclude>
    <ClInclude Include="Entity.h">
      <Filter>Scene</Filter>
    </ClInclude>
    <ClInclude Include="Time.h">
      <Filter>Common</Filter>
    </ClInclude>
    <ClInclude Include="CommonInclude.h">
      <Filter>Common</Filter>
    </ClInclude>
    <ClInclude Include="TitleScene.h">
      <Filter>Scenes</Filter>
    </ClInclude>
    <ClInclude Include="Math.h">
      <Filter>Common</Filter>
    </ClInclude>
    <ClInclude Include="GameObject.h">
      <Filter>Object</Filter>
    </ClInclude>
    <ClInclude Include="Archer.h">
      <Filter>Object\Monster\Archer</Filter>
    </ClInclude>
    <ClInclude Include="Arrow.h">
      <Filter>Object\Monster\Archer</Filter>
    </ClInclude>
    <ClInclude Include="Wizard.h">
      <Filter>Object\Monster\Wizard</Filter>
    </ClInclude>
    <ClInclude Include="FireBall.h">
      <Filter>Object\Monster\Wizard</Filter>
    </ClInclude>
    <ClInclude Include="MapManager.h">
      <Filter>Map</Filter>
    </ClInclude>
    <ClInclude Include="Tile.h">
      <Filter>Map\Tile</Filter>
    </ClInclude>
    <ClInclude Include="Camera.h">
      <Filter>Camera</Filter>
    </ClInclude>
    <ClInclude Include="SwordMan.h">
      <Filter>Object\Monster\SwordMan</Filter>
    </ClInclude>
    <ClInclude Include="Player.h">
      <Filter>Object\Player</Filter>
    </ClInclude>
    <ClInclude Include="Player_Skill_FireBall.h">
      <Filter>Object\Player</Filter>
    </ClInclude>
    <ClInclude Include="Player_Skill_FireDragon.h">
      <Filter>Object\Player</Filter>
    </ClInclude>
    <ClInclude Include="UI.h">
      <Filter>UI</Filter>
    </ClInclude>
    <ClInclude Include="BossStage.h">
      <Filter>Scenes\Stage</Filter>
    </ClInclude>
    <ClInclude Include="Stage1.h">
      <Filter>Scenes\Stage</Filter>
    </ClInclude>
    <ClInclude Include="Stage2.h">
      <Filter>Scenes\Stage</Filter>
    </ClInclude>
    <ClInclude Include="TutorialStage.h">
      <Filter>Scenes\Stage</Filter>
    </ClInclude>
    <ClInclude Include="Dummy.h">
      <Filter>Object\Dummy</Filter>
    </ClInclude>
    <ClInclude Include="BossSkill_AquaBall.h">
      <Filter>Object\Boss</Filter>
    </ClInclude>
    <ClInclude Include="BossSkill_Spear.h">
      <Filter>Object\Boss</Filter>
    </ClInclude>
    <ClInclude Include="Boss.h">
      <Filter>Object\Boss</Filter>
    </ClInclude>
    <ClInclude Include="SoundManager.h">
      <Filter>Sound</Filter>
    </ClInclude>
    <ClInclude Include="StageCustom.h">
      <Filter>Scenes\Custom</Filter>
    </ClInclude>
    <ClInclude Include="MapTool.h">
      <Filter>Scenes\Custom</Filter>
    </ClInclude>
    <ClInclude Include="GameClearScene.h">
      <Filter>Scenes\Extra</Filter>
    </ClInclude>
    <ClInclude Include="GameOverScene.h">
      <Filter>Scenes\Extra</Filter>
    </ClInclude>
    <ClInclude Include="Snow.h">
      <Filter>헤더 파일</Filter>
    </ClInclude>
    <ClInclude Include="Statue.h">
      <Filter>Object\MapObject</Filter>
    </ClInclude>
    <ClInclude Include="Portal.h">
      <Filter>Object\MapObject</Filter>
    </ClInclude>
    <ClInclude Include="Jar.h">
      <Filter>Object\MapObject</Filter>
    </ClInclude>
    <ClInclude Include="IceWindow.h">
      <Filter>Object\MapObject</Filter>
    </ClInclude>
    <ClInclude Include="IceSmallChunk.h">
      <Filter>Object\MapObject</Filter>
    </ClInclude>
    <ClInclude Include="IceFlag.h">
      <Filter>Object\MapObject</Filter>
    </ClInclude>
    <ClInclude Include="IceBigChunk.h">
      <Filter>Object\MapObject</Filter>
    </ClInclude>
    <ClInclude Include="MapObjectInclude.h">
      <Filter>Object\MapObject</Filter>
    </ClInclude>
    <ClInclude Include="Candle.h">
      <Filter>Object\MapObject</Filter>
    </ClInclude>
  </ItemGroup>
  <ItemGroup>
    <ClCompile Include="Game.cpp">
      <Filter>소스 파일</Filter>
    </ClCompile>
    <ClCompile Include="SceneManager.cpp">
      <Filter>Scene</Filter>
    </ClCompile>
    <ClCompile Include="Scene.cpp">
      <Filter>Scene</Filter>
    </ClCompile>
    <ClCompile Include="Entity.cpp">
      <Filter>Scene</Filter>
    </ClCompile>
    <ClCompile Include="Time.cpp">
      <Filter>Common</Filter>
    </ClCompile>
    <ClCompile Include="Input.cpp">
      <Filter>Common</Filter>
    </ClCompile>
    <ClCompile Include="Input.h">
      <Filter>Common</Filter>
    </ClCompile>
    <ClCompile Include="main.cpp">
      <Filter>소스 파일</Filter>
    </ClCompile>
    <ClCompile Include="TitleScene.cpp">
      <Filter>Scenes</Filter>
    </ClCompile>
    <ClCompile Include="Math.cpp">
      <Filter>Common</Filter>
    </ClCompile>
    <ClCompile Include="GameObject.cpp">
      <Filter>Object</Filter>
    </ClCompile>
    <ClCompile Include="Archer.cpp">
      <Filter>Object\Monster\Archer</Filter>
    </ClCompile>
    <ClCompile Include="Arrow.cpp">
      <Filter>Object\Monster\Archer</Filter>
    </ClCompile>
    <ClCompile Include="Wizard.cpp">
      <Filter>Object\Monster\Wizard</Filter>
    </ClCompile>
    <ClCompile Include="FireBall.cpp">
      <Filter>Object\Monster\Wizard</Filter>
    </ClCompile>
    <ClCompile Include="MapManager.cpp">
      <Filter>Map</Filter>
    </ClCompile>
    <ClCompile Include="Tile.cpp">
      <Filter>Map\Tile</Filter>
    </ClCompile>
    <ClCompile Include="Camera.cpp">
      <Filter>Camera</Filter>
    </ClCompile>
    <ClCompile Include="SwordMan.cpp">
      <Filter>Object\Monster\SwordMan</Filter>
    </ClCompile>
    <ClCompile Include="Player.cpp">
      <Filter>Object\Player</Filter>
    </ClCompile>
    <ClCompile Include="Player_Skill_FireBall.cpp">
      <Filter>Object\Player</Filter>
    </ClCompile>
    <ClCompile Include="Player_Skill_FireDragon.cpp">
      <Filter>Object\Player</Filter>
    </ClCompile>
    <ClCompile Include="UI.cpp">
      <Filter>UI</Filter>
    </ClCompile>
    <ClCompile Include="BossStage.cpp">
      <Filter>Scenes\Stage</Filter>
    </ClCompile>
    <ClCompile Include="Stage1.cpp">
      <Filter>Scenes\Stage</Filter>
    </ClCompile>
    <ClCompile Include="Stage2.cpp">
      <Filter>Scenes\Stage</Filter>
    </ClCompile>
    <ClCompile Include="TutorialStage.cpp">
      <Filter>Scenes\Stage</Filter>
    </ClCompile>
    <ClCompile Include="Dummy.cpp">
      <Filter>Object\Dummy</Filter>
    </ClCompile>
    <ClCompile Include="BossSkill_AquaBall.cpp">
      <Filter>Object\Boss</Filter>
    </ClCompile>
    <ClCompile Include="BossSkill_Spear.cpp">
      <Filter>Object\Boss</Filter>
    </ClCompile>
    <ClCompile Include="Boss.cpp">
      <Filter>Object\Boss</Filter>
    </ClCompile>
    <ClCompile Include="SoundManager.cpp">
      <Filter>Sound</Filter>
    </ClCompile>
    <ClCompile Include="StageCustom.cpp">
      <Filter>Scenes\Custom</Filter>
    </ClCompile>
    <ClCompile Include="MapTool.cpp">
      <Filter>Scenes\Custom</Filter>
    </ClCompile>
    <ClCompile Include="GameOverScene.cpp">
      <Filter>Scenes\Extra</Filter>
    </ClCompile>
    <ClCompile Include="GameClearScene.cpp">
      <Filter>Scenes\Extra</Filter>
    </ClCompile>
    <ClCompile Include="Candle.cpp">
      <Filter>소스 파일</Filter>
    </ClCompile>
  </ItemGroup>
  <ItemGroup>
    <Image Include="DongYeonEngine.ico">
      <Filter>리소스 파일</Filter>
    </Image>
    <Image Include="small.ico">
      <Filter>리소스 파일</Filter>
    </Image>
  </ItemGroup>
  <ItemGroup>
    <ResourceCompile Include="DongYeonEngine.rc">
      <Filter>리소스 파일</Filter>
    </ResourceCompile>
  </ItemGroup>
</Project>